
Microsoft Visual Studio Solution File, Format Version 12.00
# Visual Studio Version 16
VisualStudioVersion = 16.0.29806.167
MinimumVisualStudioVersion = 10.0.40219.1
Project("{9A19103F-16F7-4668-BE54-9A1E7A4F7556}") = "Wordschatz.Domain", "Wordschatz.Domain\Wordschatz.Domain.csproj", "{6011FDF5-389E-4802-98B8-0A20E94DCC77}"
EndProject
Project("{9A19103F-16F7-4668-BE54-9A1E7A4F7556}") = "Wordschatz.Common", "Wordschatz.Common\Wordschatz.Common.csproj", "{AE77B373-5153-4D37-A21D-EA4BBA6EB756}"
EndProject
Project("{FAE04EC0-301F-11D3-BF4B-00C04F79EFBC}") = "Wordschatz.Domain.Tests", "Wordschatz.Domain.Tests\Wordschatz.Domain.Tests.csproj", "{FFAE754F-BDB6-4EF1-8812-17D8BFDE3DBB}"
EndProject
Global
	GlobalSection(SolutionConfigurationPlatforms) = preSolution
		Debug|Any CPU = Debug|Any CPU
		Release|Any CPU = Release|Any CPU
	EndGlobalSection
	GlobalSection(ProjectConfigurationPlatforms) = postSolution
		{6011FDF5-389E-4802-98B8-0A20E94DCC77}.Debug|Any CPU.ActiveCfg = Debug|Any CPU
		{6011FDF5-389E-4802-98B8-0A20E94DCC77}.Debug|Any CPU.Build.0 = Debug|Any CPU
		{6011FDF5-389E-4802-98B8-0A20E94DCC77}.Release|Any CPU.ActiveCfg = Release|Any CPU
		{6011FDF5-389E-4802-98B8-0A20E94DCC77}.Release|Any CPU.Build.0 = Release|Any CPU
		{AE77B373-5153-4D37-A21D-EA4BBA6EB756}.Debug|Any CPU.ActiveCfg = Debug|Any CPU
		{AE77B373-5153-4D37-A21D-EA4BBA6EB756}.Debug|Any CPU.Build.0 = Debug|Any CPU
		{AE77B373-5153-4D37-A21D-EA4BBA6EB756}.Release|Any CPU.ActiveCfg = Release|Any CPU
		{AE77B373-5153-4D37-A21D-EA4BBA6EB756}.Release|Any CPU.Build.0 = Release|Any CPU
		{FFAE754F-BDB6-4EF1-8812-17D8BFDE3DBB}.Debug|Any CPU.ActiveCfg = Debug|Any CPU
		{FFAE754F-BDB6-4EF1-8812-17D8BFDE3DBB}.Debug|Any CPU.Build.0 = Debug|Any CPU
		{FFAE754F-BDB6-4EF1-8812-17D8BFDE3DBB}.Release|Any CPU.ActiveCfg = Release|Any CPU
		{FFAE754F-BDB6-4EF1-8812-17D8BFDE3DBB}.Release|Any CPU.Build.0 = Release|Any CPU
	EndGlobalSection
	GlobalSection(SolutionProperties) = preSolution
		HideSolutionNode = FALSE
	EndGlobalSection
	GlobalSection(ExtensibilityGlobals) = postSolution
		SolutionGuid = {C11E1E7C-BC0F-431B-9770-2DEE544D2E9D}
	EndGlobalSection
EndGlobal
